
Microsoft Visual Studio Solution File, Format Version 12.00
# Visual Studio Version 16
VisualStudioVersion = 16.0.31005.135
MinimumVisualStudioVersion = 10.0.40219.1
Project("{8BC9CEB8-8B4A-11D0-8D11-00A0C91BC942}") = "Client", "Client\Client.vcxproj", "{FC34710D-3B59-4FBB-8406-1A98B4F8B315}"
EndProject
Project("{8BC9CEB8-8B4A-11D0-8D11-00A0C91BC942}") = "Server", "Server\Server.vcxproj", "{66364935-D516-4279-BCC4-24AD8848479E}"
EndProject
Global
	GlobalSection(SolutionConfigurationPlatforms) = preSolution
		Debug|x64 = Debug|x64
		Debug|x86 = Debug|x86
		Release|x64 = Release|x64
		Release|x86 = Release|x86
	EndGlobalSection
	GlobalSection(ProjectConfigurationPlatforms) = postSolution
		{FC34710D-3B59-4FBB-8406-1A98B4F8B315}.Debug|x64.ActiveCfg = Debug|x64
		{FC34710D-3B59-4FBB-8406-1A98B4F8B315}.Debug|x64.Build.0 = Debug|x64
		{FC34710D-3B59-4FBB-8406-1A98B4F8B315}.Debug|x86.ActiveCfg = Debug|Win32
		{FC34710D-3B59-4FBB-8406-1A98B4F8B315}.Debug|x86.Build.0 = Debug|Win32
		{FC34710D-3B59-4FBB-8406-1A98B4F8B315}.Release|x64.ActiveCfg = Release|x64
		{FC34710D-3B59-4FBB-8406-1A98B4F8B315}.Release|x64.Build.0 = Release|x64
		{FC34710D-3B59-4FBB-8406-1A98B4F8B315}.Release|x86.ActiveCfg = Release|Win32
		{FC34710D-3B59-4FBB-8406-1A98B4F8B315}.Release|x86.Build.0 = Release|Win32
		{66364935-D516-4279-BCC4-24AD8848479E}.Debug|x64.ActiveCfg = Debug|x64
		{66364935-D516-4279-BCC4-24AD8848479E}.Debug|x64.Build.0 = Debug|x64
		{66364935-D516-4279-BCC4-24AD8848479E}.Debug|x86.ActiveCfg = Debug|Win32
		{66364935-D516-4279-BCC4-24AD8848479E}.Debug|x86.Build.0 = Debug|Win32
		{66364935-D516-4279-BCC4-24AD8848479E}.Release|x64.ActiveCfg = Release|x64
		{66364935-D516-4279-BCC4-24AD8848479E}.Release|x64.Build.0 = Release|x64
		{66364935-D516-4279-BCC4-24AD8848479E}.Release|x86.ActiveCfg = Release|Win32
		{66364935-D516-4279-BCC4-24AD8848479E}.Release|x86.Build.0 = Release|Win32
	EndGlobalSection
	GlobalSection(SolutionProperties) = preSolution
		HideSolutionNode = FALSE
	EndGlobalSection
	GlobalSection(ExtensibilityGlobals) = postSolution
		SolutionGuid = {B7EAC256-030D-47C9-A35B-C403FE7575C3}
	EndGlobalSection
EndGlobal
